
Microsoft Visual Studio Solution File, Format Version 12.00
# Visual Studio Version 17
VisualStudioVersion = 17.0.31903.59
MinimumVisualStudioVersion = 10.0.40219.1
Project("{2150E333-8FDC-42A3-9474-1A3956D46DE8}") = "src", "src", "{827E0CD3-B72D-47B6-A68D-7590B98EB39B}"
EndProject
Project("{FAE04EC0-301F-11D3-BF4B-00C04F79EFBC}") = "BudgetBuddy.Domain", "src\BudgetBuddy.Domain\BudgetBuddy.Domain.csproj", "{CFA1E91F-DA51-4CFE-BE36-76A6FB54FBEF}"
EndProject
Project("{FAE04EC0-301F-11D3-BF4B-00C04F79EFBC}") = "BudgetBuddy.Infrastructure", "src\BudgetBuddy.Infrastructure\BudgetBuddy.Infrastructure.csproj", "{FCF0317A-5FD8-4D42-8450-731DCAD41F38}"
EndProject
Project("{FAE04EC0-301F-11D3-BF4B-00C04F79EFBC}") = "BudgetBuddy.App", "src\BudgetBuddy.App\BudgetBuddy.App.csproj", "{5DC2E07C-ABF2-48B1-82A1-779F3DF5072E}"
EndProject
Project("{2150E333-8FDC-42A3-9474-1A3956D46DE8}") = "tests", "tests", "{0AB3BF05-4346-4AA6-1389-037BE0695223}"
EndProject
Project("{FAE04EC0-301F-11D3-BF4B-00C04F79EFBC}") = "BudgetBuddy.Tests", "tests\BudgetBuddy.Tests\BudgetBuddy.Tests.csproj", "{82A3CB27-1028-45C0-B298-678C3BA78E14}"
EndProject
Global
	GlobalSection(SolutionConfigurationPlatforms) = preSolution
		Debug|Any CPU = Debug|Any CPU
		Debug|x64 = Debug|x64
		Debug|x86 = Debug|x86
		Release|Any CPU = Release|Any CPU
		Release|x64 = Release|x64
		Release|x86 = Release|x86
	EndGlobalSection
	GlobalSection(ProjectConfigurationPlatforms) = postSolution
		{CFA1E91F-DA51-4CFE-BE36-76A6FB54FBEF}.Debug|Any CPU.ActiveCfg = Debug|Any CPU
		{CFA1E91F-DA51-4CFE-BE36-76A6FB54FBEF}.Debug|Any CPU.Build.0 = Debug|Any CPU
		{CFA1E91F-DA51-4CFE-BE36-76A6FB54FBEF}.Debug|x64.ActiveCfg = Debug|Any CPU
		{CFA1E91F-DA51-4CFE-BE36-76A6FB54FBEF}.Debug|x64.Build.0 = Debug|Any CPU
		{CFA1E91F-DA51-4CFE-BE36-76A6FB54FBEF}.Debug|x86.ActiveCfg = Debug|Any CPU
		{CFA1E91F-DA51-4CFE-BE36-76A6FB54FBEF}.Debug|x86.Build.0 = Debug|Any CPU
		{CFA1E91F-DA51-4CFE-BE36-76A6FB54FBEF}.Release|Any CPU.ActiveCfg = Release|Any CPU
		{CFA1E91F-DA51-4CFE-BE36-76A6FB54FBEF}.Release|Any CPU.Build.0 = Release|Any CPU
		{CFA1E91F-DA51-4CFE-BE36-76A6FB54FBEF}.Release|x64.ActiveCfg = Release|Any CPU
		{CFA1E91F-DA51-4CFE-BE36-76A6FB54FBEF}.Release|x64.Build.0 = Release|Any CPU
		{CFA1E91F-DA51-4CFE-BE36-76A6FB54FBEF}.Release|x86.ActiveCfg = Release|Any CPU
		{CFA1E91F-DA51-4CFE-BE36-76A6FB54FBEF}.Release|x86.Build.0 = Release|Any CPU
		{FCF0317A-5FD8-4D42-8450-731DCAD41F38}.Debug|Any CPU.ActiveCfg = Debug|Any CPU
		{FCF0317A-5FD8-4D42-8450-731DCAD41F38}.Debug|Any CPU.Build.0 = Debug|Any CPU
		{FCF0317A-5FD8-4D42-8450-731DCAD41F38}.Debug|x64.ActiveCfg = Debug|Any CPU
		{FCF0317A-5FD8-4D42-8450-731DCAD41F38}.Debug|x64.Build.0 = Debug|Any CPU
		{FCF0317A-5FD8-4D42-8450-731DCAD41F38}.Debug|x86.ActiveCfg = Debug|Any CPU
		{FCF0317A-5FD8-4D42-8450-731DCAD41F38}.Debug|x86.Build.0 = Debug|Any CPU
		{FCF0317A-5FD8-4D42-8450-731DCAD41F38}.Release|Any CPU.ActiveCfg = Release|Any CPU
		{FCF0317A-5FD8-4D42-8450-731DCAD41F38}.Release|Any CPU.Build.0 = Release|Any CPU
		{FCF0317A-5FD8-4D42-8450-731DCAD41F38}.Release|x64.ActiveCfg = Release|Any CPU
		{FCF0317A-5FD8-4D42-8450-731DCAD41F38}.Release|x64.Build.0 = Release|Any CPU
		{FCF0317A-5FD8-4D42-8450-731DCAD41F38}.Release|x86.ActiveCfg = Release|Any CPU
		{FCF0317A-5FD8-4D42-8450-731DCAD41F38}.Release|x86.Build.0 = Release|Any CPU
		{5DC2E07C-ABF2-48B1-82A1-779F3DF5072E}.Debug|Any CPU.ActiveCfg = Debug|Any CPU
		{5DC2E07C-ABF2-48B1-82A1-779F3DF5072E}.Debug|Any CPU.Build.0 = Debug|Any CPU
		{5DC2E07C-ABF2-48B1-82A1-779F3DF5072E}.Debug|x64.ActiveCfg = Debug|Any CPU
		{5DC2E07C-ABF2-48B1-82A1-779F3DF5072E}.Debug|x64.Build.0 = Debug|Any CPU
		{5DC2E07C-ABF2-48B1-82A1-779F3DF5072E}.Debug|x86.ActiveCfg = Debug|Any CPU
		{5DC2E07C-ABF2-48B1-82A1-779F3DF5072E}.Debug|x86.Build.0 = Debug|Any CPU
		{5DC2E07C-ABF2-48B1-82A1-779F3DF5072E}.Release|Any CPU.ActiveCfg = Release|Any CPU
		{5DC2E07C-ABF2-48B1-82A1-779F3DF5072E}.Release|Any CPU.Build.0 = Release|Any CPU
		{5DC2E07C-ABF2-48B1-82A1-779F3DF5072E}.Release|x64.ActiveCfg = Release|Any CPU
		{5DC2E07C-ABF2-48B1-82A1-779F3DF5072E}.Release|x64.Build.0 = Release|Any CPU
		{5DC2E07C-ABF2-48B1-82A1-779F3DF5072E}.Release|x86.ActiveCfg = Release|Any CPU
		{5DC2E07C-ABF2-48B1-82A1-779F3DF5072E}.Release|x86.Build.0 = Release|Any CPU
		{82A3CB27-1028-45C0-B298-678C3BA78E14}.Debug|Any CPU.ActiveCfg = Debug|Any CPU
		{82A3CB27-1028-45C0-B298-678C3BA78E14}.Debug|Any CPU.Build.0 = Debug|Any CPU
		{82A3CB27-1028-45C0-B298-678C3BA78E14}.Debug|x64.ActiveCfg = Debug|Any CPU
		{82A3CB27-1028-45C0-B298-678C3BA78E14}.Debug|x64.Build.0 = Debug|Any CPU
		{82A3CB27-1028-45C0-B298-678C3BA78E14}.Debug|x86.ActiveCfg = Debug|Any CPU
		{82A3CB27-1028-45C0-B298-678C3BA78E14}.Debug|x86.Build.0 = Debug|Any CPU
		{82A3CB27-1028-45C0-B298-678C3BA78E14}.Release|Any CPU.ActiveCfg = Release|Any CPU
		{82A3CB27-1028-45C0-B298-678C3BA78E14}.Release|Any CPU.Build.0 = Release|Any CPU
		{82A3CB27-1028-45C0-B298-678C3BA78E14}.Release|x64.ActiveCfg = Release|Any CPU
		{82A3CB27-1028-45C0-B298-678C3BA78E14}.Release|x64.Build.0 = Release|Any CPU
		{82A3CB27-1028-45C0-B298-678C3BA78E14}.Release|x86.ActiveCfg = Release|Any CPU
		{82A3CB27-1028-45C0-B298-678C3BA78E14}.Release|x86.Build.0 = Release|Any CPU
	EndGlobalSection
	GlobalSection(SolutionProperties) = preSolution
		HideSolutionNode = FALSE
	EndGlobalSection
	GlobalSection(NestedProjects) = preSolution
		{CFA1E91F-DA51-4CFE-BE36-76A6FB54FBEF} = {827E0CD3-B72D-47B6-A68D-7590B98EB39B}
		{FCF0317A-5FD8-4D42-8450-731DCAD41F38} = {827E0CD3-B72D-47B6-A68D-7590B98EB39B}
		{5DC2E07C-ABF2-48B1-82A1-779F3DF5072E} = {827E0CD3-B72D-47B6-A68D-7590B98EB39B}
		{82A3CB27-1028-45C0-B298-678C3BA78E14} = {0AB3BF05-4346-4AA6-1389-037BE0695223}
	EndGlobalSection
EndGlobal
